
Microsoft Visual Studio Solution File, Format Version 11.00
# Visual Studio 2010
Project("{FAE04EC0-301F-11D3-BF4B-00C04F79EFBC}") = "definately_not_rocket_science", "definately_not_rocket_science\definately_not_rocket_science.csproj", "{E86FDFDF-B207-4EFF-BA7B-09C87ADC61E1}"
EndProject
Global
	GlobalSection(SolutionConfigurationPlatforms) = preSolution
		Debug|x86 = Debug|x86
		Release|x86 = Release|x86
	EndGlobalSection
	GlobalSection(ProjectConfigurationPlatforms) = postSolution
		{E86FDFDF-B207-4EFF-BA7B-09C87ADC61E1}.Debug|x86.ActiveCfg = Debug|x86
		{E86FDFDF-B207-4EFF-BA7B-09C87ADC61E1}.Debug|x86.Build.0 = Debug|x86
		{E86FDFDF-B207-4EFF-BA7B-09C87ADC61E1}.Release|x86.ActiveCfg = Release|x86
		{E86FDFDF-B207-4EFF-BA7B-09C87ADC61E1}.Release|x86.Build.0 = Release|x86
	EndGlobalSection
	GlobalSection(MonoDevelopProperties) = preSolution
		StartupItem = definately_not_rocket_science\definately_not_rocket_science.csproj
	EndGlobalSection
EndGlobal
